
Microsoft Visual Studio Solution File, Format Version 12.00
# Visual Studio 2017
Project("{FAE04EC0-301F-11D3-BF4B-00C04F79EFBC}") = "FukushimaGameJam2017", "FukushimaGameJam2017.csproj", "{69BDCFD5-CCD6-08F9-7737-3535B05D1677}"
EndProject
Global
	GlobalSection(SolutionConfigurationPlatforms) = preSolution
		Debug|Any CPU = Debug|Any CPU
		Release|Any CPU = Release|Any CPU
	EndGlobalSection
	GlobalSection(ProjectConfigurationPlatforms) = postSolution
		{69BDCFD5-CCD6-08F9-7737-3535B05D1677}.Debug|Any CPU.ActiveCfg = Debug|Any CPU
		{69BDCFD5-CCD6-08F9-7737-3535B05D1677}.Debug|Any CPU.Build.0 = Debug|Any CPU
		{69BDCFD5-CCD6-08F9-7737-3535B05D1677}.Release|Any CPU.ActiveCfg = Release|Any CPU
		{69BDCFD5-CCD6-08F9-7737-3535B05D1677}.Release|Any CPU.Build.0 = Release|Any CPU
	EndGlobalSection
	GlobalSection(SolutionProperties) = preSolution
		HideSolutionNode = FALSE
	EndGlobalSection
EndGlobal
